
Microsoft Visual Studio Solution File, Format Version 12.00
# Visual Studio 15
VisualStudioVersion = 15.0.28307.852
MinimumVisualStudioVersion = 10.0.40219.1
Project("{FAE04EC0-301F-11D3-BF4B-00C04F79EFBC}") = "SolidKata", "SolidKata\SolidKata.csproj", "{97E1C453-B50F-4196-A246-50A0D8733773}"
EndProject
Global
	GlobalSection(SolutionConfigurationPlatforms) = preSolution
		Debug|Any CPU = Debug|Any CPU
		Release|Any CPU = Release|Any CPU
	EndGlobalSection
	GlobalSection(ProjectConfigurationPlatforms) = postSolution
		{97E1C453-B50F-4196-A246-50A0D8733773}.Debug|Any CPU.ActiveCfg = Debug|Any CPU
		{97E1C453-B50F-4196-A246-50A0D8733773}.Debug|Any CPU.Build.0 = Debug|Any CPU
		{97E1C453-B50F-4196-A246-50A0D8733773}.Release|Any CPU.ActiveCfg = Release|Any CPU
		{97E1C453-B50F-4196-A246-50A0D8733773}.Release|Any CPU.Build.0 = Release|Any CPU
	EndGlobalSection
	GlobalSection(SolutionProperties) = preSolution
		HideSolutionNode = FALSE
	EndGlobalSection
	GlobalSection(ExtensibilityGlobals) = postSolution
		SolutionGuid = {8CF835A6-3CDD-468C-B883-911EF21F14F9}
	EndGlobalSection
EndGlobal
